
Microsoft Visual Studio Solution File, Format Version 12.00
# Visual Studio Version 16
VisualStudioVersion = 16.0.30114.105
MinimumVisualStudioVersion = 10.0.40219.1
Project("{2150E333-8FDC-42A3-9474-1A3956D46DE8}") = "Services", "Services", "{A7D1E1C6-033E-4265-A0EB-539AF4DCC5E2}"
EndProject
Project("{2150E333-8FDC-42A3-9474-1A3956D46DE8}") = "Catalog", "Catalog", "{8678DCB5-F52F-4D80-B608-2DE338AFD52B}"
EndProject
Project("{FAE04EC0-301F-11D3-BF4B-00C04F79EFBC}") = "Catalog.API", "Services\Catalog\Catalog.API\Catalog.API.csproj", "{B1EFCD01-E295-487C-BE52-DEC5B9A58CDB}"
EndProject
Project("{2150E333-8FDC-42A3-9474-1A3956D46DE8}") = "Basket", "Basket", "{62DBD292-92A6-433C-B694-4D3EA46D9C68}"
EndProject
Project("{FAE04EC0-301F-11D3-BF4B-00C04F79EFBC}") = "Basket.API", "Services\Basket\Basket.API\Basket.API.csproj", "{0CC5CD20-FC76-4917-9F45-A382DB54B7F0}"
EndProject
Project("{2150E333-8FDC-42A3-9474-1A3956D46DE8}") = "Discount", "Discount", "{39A1C252-672C-4E31-B306-EB01156633A8}"
EndProject
Project("{FAE04EC0-301F-11D3-BF4B-00C04F79EFBC}") = "Discount.API", "Services\Discount\Discount.API\Discount.API.csproj", "{5FD5240E-7213-4E41-B49F-6D3648190D92}"
EndProject
Global
	GlobalSection(SolutionConfigurationPlatforms) = preSolution
		Debug|Any CPU = Debug|Any CPU
		Debug|x64 = Debug|x64
		Debug|x86 = Debug|x86
		Release|Any CPU = Release|Any CPU
		Release|x64 = Release|x64
		Release|x86 = Release|x86
	EndGlobalSection
	GlobalSection(SolutionProperties) = preSolution
		HideSolutionNode = FALSE
	EndGlobalSection
	GlobalSection(ProjectConfigurationPlatforms) = postSolution
		{B1EFCD01-E295-487C-BE52-DEC5B9A58CDB}.Debug|Any CPU.ActiveCfg = Debug|Any CPU
		{B1EFCD01-E295-487C-BE52-DEC5B9A58CDB}.Debug|Any CPU.Build.0 = Debug|Any CPU
		{B1EFCD01-E295-487C-BE52-DEC5B9A58CDB}.Debug|x64.ActiveCfg = Debug|Any CPU
		{B1EFCD01-E295-487C-BE52-DEC5B9A58CDB}.Debug|x64.Build.0 = Debug|Any CPU
		{B1EFCD01-E295-487C-BE52-DEC5B9A58CDB}.Debug|x86.ActiveCfg = Debug|Any CPU
		{B1EFCD01-E295-487C-BE52-DEC5B9A58CDB}.Debug|x86.Build.0 = Debug|Any CPU
		{B1EFCD01-E295-487C-BE52-DEC5B9A58CDB}.Release|Any CPU.ActiveCfg = Release|Any CPU
		{B1EFCD01-E295-487C-BE52-DEC5B9A58CDB}.Release|Any CPU.Build.0 = Release|Any CPU
		{B1EFCD01-E295-487C-BE52-DEC5B9A58CDB}.Release|x64.ActiveCfg = Release|Any CPU
		{B1EFCD01-E295-487C-BE52-DEC5B9A58CDB}.Release|x64.Build.0 = Release|Any CPU
		{B1EFCD01-E295-487C-BE52-DEC5B9A58CDB}.Release|x86.ActiveCfg = Release|Any CPU
		{B1EFCD01-E295-487C-BE52-DEC5B9A58CDB}.Release|x86.Build.0 = Release|Any CPU
		{0CC5CD20-FC76-4917-9F45-A382DB54B7F0}.Debug|Any CPU.ActiveCfg = Debug|Any CPU
		{0CC5CD20-FC76-4917-9F45-A382DB54B7F0}.Debug|Any CPU.Build.0 = Debug|Any CPU
		{0CC5CD20-FC76-4917-9F45-A382DB54B7F0}.Debug|x64.ActiveCfg = Debug|Any CPU
		{0CC5CD20-FC76-4917-9F45-A382DB54B7F0}.Debug|x64.Build.0 = Debug|Any CPU
		{0CC5CD20-FC76-4917-9F45-A382DB54B7F0}.Debug|x86.ActiveCfg = Debug|Any CPU
		{0CC5CD20-FC76-4917-9F45-A382DB54B7F0}.Debug|x86.Build.0 = Debug|Any CPU
		{0CC5CD20-FC76-4917-9F45-A382DB54B7F0}.Release|Any CPU.ActiveCfg = Release|Any CPU
		{0CC5CD20-FC76-4917-9F45-A382DB54B7F0}.Release|Any CPU.Build.0 = Release|Any CPU
		{0CC5CD20-FC76-4917-9F45-A382DB54B7F0}.Release|x64.ActiveCfg = Release|Any CPU
		{0CC5CD20-FC76-4917-9F45-A382DB54B7F0}.Release|x64.Build.0 = Release|Any CPU
		{0CC5CD20-FC76-4917-9F45-A382DB54B7F0}.Release|x86.ActiveCfg = Release|Any CPU
		{0CC5CD20-FC76-4917-9F45-A382DB54B7F0}.Release|x86.Build.0 = Release|Any CPU
		{5FD5240E-7213-4E41-B49F-6D3648190D92}.Debug|Any CPU.ActiveCfg = Debug|Any CPU
		{5FD5240E-7213-4E41-B49F-6D3648190D92}.Debug|Any CPU.Build.0 = Debug|Any CPU
		{5FD5240E-7213-4E41-B49F-6D3648190D92}.Debug|x64.ActiveCfg = Debug|Any CPU
		{5FD5240E-7213-4E41-B49F-6D3648190D92}.Debug|x64.Build.0 = Debug|Any CPU
		{5FD5240E-7213-4E41-B49F-6D3648190D92}.Debug|x86.ActiveCfg = Debug|Any CPU
		{5FD5240E-7213-4E41-B49F-6D3648190D92}.Debug|x86.Build.0 = Debug|Any CPU
		{5FD5240E-7213-4E41-B49F-6D3648190D92}.Release|Any CPU.ActiveCfg = Release|Any CPU
		{5FD5240E-7213-4E41-B49F-6D3648190D92}.Release|Any CPU.Build.0 = Release|Any CPU
		{5FD5240E-7213-4E41-B49F-6D3648190D92}.Release|x64.ActiveCfg = Release|Any CPU
		{5FD5240E-7213-4E41-B49F-6D3648190D92}.Release|x64.Build.0 = Release|Any CPU
		{5FD5240E-7213-4E41-B49F-6D3648190D92}.Release|x86.ActiveCfg = Release|Any CPU
		{5FD5240E-7213-4E41-B49F-6D3648190D92}.Release|x86.Build.0 = Release|Any CPU
	EndGlobalSection
	GlobalSection(NestedProjects) = preSolution
		{8678DCB5-F52F-4D80-B608-2DE338AFD52B} = {A7D1E1C6-033E-4265-A0EB-539AF4DCC5E2}
		{B1EFCD01-E295-487C-BE52-DEC5B9A58CDB} = {8678DCB5-F52F-4D80-B608-2DE338AFD52B}
		{62DBD292-92A6-433C-B694-4D3EA46D9C68} = {A7D1E1C6-033E-4265-A0EB-539AF4DCC5E2}
		{0CC5CD20-FC76-4917-9F45-A382DB54B7F0} = {62DBD292-92A6-433C-B694-4D3EA46D9C68}
		{39A1C252-672C-4E31-B306-EB01156633A8} = {A7D1E1C6-033E-4265-A0EB-539AF4DCC5E2}
		{5FD5240E-7213-4E41-B49F-6D3648190D92} = {39A1C252-672C-4E31-B306-EB01156633A8}
	EndGlobalSection
EndGlobal
